
Microsoft Visual Studio Solution File, Format Version 12.00
# Visual Studio Version 17
VisualStudioVersion = 17.3.32929.385
MinimumVisualStudioVersion = 10.0.40219.1
Project("{FAE04EC0-301F-11D3-BF4B-00C04F79EFBC}") = "BilgePlakManagementApp", "BilgePlakManagementApp\BilgePlakManagementApp.csproj", "{355D61BD-8ABF-4F2F-B62E-A2FB945366E9}"
EndProject
Global
	GlobalSection(SolutionConfigurationPlatforms) = preSolution
		Debug|Any CPU = Debug|Any CPU
		Release|Any CPU = Release|Any CPU
	EndGlobalSection
	GlobalSection(ProjectConfigurationPlatforms) = postSolution
		{355D61BD-8ABF-4F2F-B62E-A2FB945366E9}.Debug|Any CPU.ActiveCfg = Debug|Any CPU
		{355D61BD-8ABF-4F2F-B62E-A2FB945366E9}.Debug|Any CPU.Build.0 = Debug|Any CPU
		{355D61BD-8ABF-4F2F-B62E-A2FB945366E9}.Release|Any CPU.ActiveCfg = Release|Any CPU
		{355D61BD-8ABF-4F2F-B62E-A2FB945366E9}.Release|Any CPU.Build.0 = Release|Any CPU
	EndGlobalSection
	GlobalSection(SolutionProperties) = preSolution
		HideSolutionNode = FALSE
	EndGlobalSection
	GlobalSection(ExtensibilityGlobals) = postSolution
		SolutionGuid = {8041F04F-DAFC-4CEF-9D38-9773FF158D07}
	EndGlobalSection
EndGlobal
